
Microsoft Visual Studio Solution File, Format Version 12.00
# Visual Studio Version 17
VisualStudioVersion = 17.6.33723.286
MinimumVisualStudioVersion = 10.0.40219.1
Project("{2150E333-8FDC-42A3-9474-1A3956D46DE8}") = "Solution Items", "Solution Items", "{41B6AF7A-C4D6-42F4-A1D2-A2E4271B2FD3}"
	ProjectSection(SolutionItems) = preProject
		.gitattributes = .gitattributes
		.gitignore = .gitignore
		Directory.Build.props = Directory.Build.props
		build\Version.props = build\Version.props
	EndProjectSection
EndProject
Project("{2150E333-8FDC-42A3-9474-1A3956D46DE8}") = "GitHub Actions", "GitHub Actions", "{5A85E9ED-415C-4720-BF26-8CF8A97CB832}"
	ProjectSection(SolutionItems) = preProject
		.github\workflows\dotnetcore.yml = .github\workflows\dotnetcore.yml
		.github\workflows\nuget publish.yml = .github\workflows\nuget publish.yml
	EndProjectSection
EndProject
Project("{2150E333-8FDC-42A3-9474-1A3956D46DE8}") = "Tradition", "Tradition", "{91A1CAF1-50E8-4101-BD20-F08ADF3E5969}"
EndProject
Project("{2150E333-8FDC-42A3-9474-1A3956D46DE8}") = "SourceGenerator", "SourceGenerator", "{AD1E7A2F-40C0-4A5D-B3D5-E436B227DCF9}"
EndProject
Project("{2150E333-8FDC-42A3-9474-1A3956D46DE8}") = "Demo", "Demo", "{0D2A9C70-CFEB-4486-A7A8-118B0092E798}"
EndProject
Project("{9A19103F-16F7-4668-BE54-9A1E7A4F7556}") = "dotnetCampus.Telescope.SourceGeneratorAnalyzers.Demo", "src\SourceGenerator\Demo\TelescopeSourceGeneratorDemo\dotnetCampus.Telescope.SourceGeneratorAnalyzers.Demo.csproj", "{764F8035-F51F-41C6-A75B-8E646694F3C9}"
EndProject
Project("{9A19103F-16F7-4668-BE54-9A1E7A4F7556}") = "dotnetCampus.Telescope.SourceGeneratorAnalyzers.DemoLib1", "src\SourceGenerator\Demo\DemoLib1\dotnetCampus.Telescope.SourceGeneratorAnalyzers.DemoLib1.csproj", "{248E9761-B756-4FB3-AED3-4497CF4BE58F}"
EndProject
Project("{9A19103F-16F7-4668-BE54-9A1E7A4F7556}") = "dotnetCampus.Telescope.SourceGeneratorAnalyzers.DemoLib2", "src\SourceGenerator\Demo\DemoLib2\dotnetCampus.Telescope.SourceGeneratorAnalyzers.DemoLib2.csproj", "{EC2D8288-169C-46B8-B13F-AF021C907182}"
EndProject
Project("{9A19103F-16F7-4668-BE54-9A1E7A4F7556}") = "dotnetCampus.Telescope.SourceGeneratorAnalyzers.DemoLib3", "src\SourceGenerator\Demo\DemoLib3\dotnetCampus.Telescope.SourceGeneratorAnalyzers.DemoLib3.csproj", "{24961207-4368-4A02-89B2-EDFC87779900}"
EndProject
Project("{2150E333-8FDC-42A3-9474-1A3956D46DE8}") = "Analyzers", "Analyzers", "{AFC1DA67-155C-454A-A701-BA9B2B71F53B}"
EndProject
Project("{9A19103F-16F7-4668-BE54-9A1E7A4F7556}") = "dotnetCampus.Telescope.SourceGeneratorAnalyzers", "src\SourceGenerator\Analyzers\dotnetCampus.Telescope.SourceGeneratorAnalyzers.csproj", "{553D3A04-7E8B-451F-BBF8-4D3514FEE61B}"
EndProject
Project("{2150E333-8FDC-42A3-9474-1A3956D46DE8}") = "NuGet", "NuGet", "{A2199CE0-114A-49E4-9AB3-B38BEBDDC1ED}"
EndProject
Project("{9A19103F-16F7-4668-BE54-9A1E7A4F7556}") = "dotnetCampus.Telescope.SourceGeneratorAnalyzers.NuGet", "src\SourceGenerator\NuGet\dotnetCampus.Telescope.SourceGeneratorAnalyzers.NuGet.csproj", "{4CB86802-4CAB-4CB8-9D8E-8E9EA90BD96F}"
EndProject
Project("{2150E333-8FDC-42A3-9474-1A3956D46DE8}") = "Sample", "Sample", "{426FE9AC-500C-4D2C-A241-07F46C7CC001}"
EndProject
Project("{9A19103F-16F7-4668-BE54-9A1E7A4F7556}") = "dotnetCampus.Telescope.Sample", "src\Tradition\dotnetCampus.Telescope.Sample\dotnetCampus.Telescope.Sample.csproj", "{2E50E42A-C340-44C8-974D-DC27F5F573EE}"
EndProject
Project("{9A19103F-16F7-4668-BE54-9A1E7A4F7556}") = "dotnetCampus.TelescopeTask", "src\Tradition\dotnetCampus.TelescopeTask\dotnetCampus.TelescopeTask.csproj", "{0FC4DFBD-C8F0-4F09-AF19-4A5CCE61B6DF}"
EndProject
Project("{9A19103F-16F7-4668-BE54-9A1E7A4F7556}") = "dotnetCampus.Telescope.NuGet", "src\Tradition\dotnetCampus.Telescope.NuGet\dotnetCampus.Telescope.NuGet.csproj", "{1B365205-D7EE-4DE7-AE8B-B67D1D5369BA}"
EndProject
Project("{9A19103F-16F7-4668-BE54-9A1E7A4F7556}") = "dotnetCampus.Telescope", "src\Tradition\dotnetCampus.Telescope\dotnetCampus.Telescope.csproj", "{B413FC30-BC74-4F22-B046-B7B3897CBE1E}"
EndProject
Global
	GlobalSection(SolutionConfigurationPlatforms) = preSolution
		Debug|Any CPU = Debug|Any CPU
		Release|Any CPU = Release|Any CPU
	EndGlobalSection
	GlobalSection(ProjectConfigurationPlatforms) = postSolution
		{764F8035-F51F-41C6-A75B-8E646694F3C9}.Debug|Any CPU.ActiveCfg = Debug|Any CPU
		{764F8035-F51F-41C6-A75B-8E646694F3C9}.Debug|Any CPU.Build.0 = Debug|Any CPU
		{764F8035-F51F-41C6-A75B-8E646694F3C9}.Release|Any CPU.ActiveCfg = Release|Any CPU
		{764F8035-F51F-41C6-A75B-8E646694F3C9}.Release|Any CPU.Build.0 = Release|Any CPU
		{248E9761-B756-4FB3-AED3-4497CF4BE58F}.Debug|Any CPU.ActiveCfg = Debug|Any CPU
		{248E9761-B756-4FB3-AED3-4497CF4BE58F}.Debug|Any CPU.Build.0 = Debug|Any CPU
		{248E9761-B756-4FB3-AED3-4497CF4BE58F}.Release|Any CPU.ActiveCfg = Release|Any CPU
		{248E9761-B756-4FB3-AED3-4497CF4BE58F}.Release|Any CPU.Build.0 = Release|Any CPU
		{EC2D8288-169C-46B8-B13F-AF021C907182}.Debug|Any CPU.ActiveCfg = Debug|Any CPU
		{EC2D8288-169C-46B8-B13F-AF021C907182}.Debug|Any CPU.Build.0 = Debug|Any CPU
		{EC2D8288-169C-46B8-B13F-AF021C907182}.Release|Any CPU.ActiveCfg = Release|Any CPU
		{EC2D8288-169C-46B8-B13F-AF021C907182}.Release|Any CPU.Build.0 = Release|Any CPU
		{24961207-4368-4A02-89B2-EDFC87779900}.Debug|Any CPU.ActiveCfg = Debug|Any CPU
		{24961207-4368-4A02-89B2-EDFC87779900}.Debug|Any CPU.Build.0 = Debug|Any CPU
		{24961207-4368-4A02-89B2-EDFC87779900}.Release|Any CPU.ActiveCfg = Release|Any CPU
		{24961207-4368-4A02-89B2-EDFC87779900}.Release|Any CPU.Build.0 = Release|Any CPU
		{553D3A04-7E8B-451F-BBF8-4D3514FEE61B}.Debug|Any CPU.ActiveCfg = Debug|Any CPU
		{553D3A04-7E8B-451F-BBF8-4D3514FEE61B}.Debug|Any CPU.Build.0 = Debug|Any CPU
		{553D3A04-7E8B-451F-BBF8-4D3514FEE61B}.Release|Any CPU.ActiveCfg = Release|Any CPU
		{553D3A04-7E8B-451F-BBF8-4D3514FEE61B}.Release|Any CPU.Build.0 = Release|Any CPU
		{4CB86802-4CAB-4CB8-9D8E-8E9EA90BD96F}.Debug|Any CPU.ActiveCfg = Debug|Any CPU
		{4CB86802-4CAB-4CB8-9D8E-8E9EA90BD96F}.Debug|Any CPU.Build.0 = Debug|Any CPU
		{4CB86802-4CAB-4CB8-9D8E-8E9EA90BD96F}.Release|Any CPU.ActiveCfg = Release|Any CPU
		{4CB86802-4CAB-4CB8-9D8E-8E9EA90BD96F}.Release|Any CPU.Build.0 = Release|Any CPU
		{2E50E42A-C340-44C8-974D-DC27F5F573EE}.Debug|Any CPU.ActiveCfg = Debug|Any CPU
		{2E50E42A-C340-44C8-974D-DC27F5F573EE}.Debug|Any CPU.Build.0 = Debug|Any CPU
		{2E50E42A-C340-44C8-974D-DC27F5F573EE}.Release|Any CPU.ActiveCfg = Release|Any CPU
		{2E50E42A-C340-44C8-974D-DC27F5F573EE}.Release|Any CPU.Build.0 = Release|Any CPU
		{0FC4DFBD-C8F0-4F09-AF19-4A5CCE61B6DF}.Debug|Any CPU.ActiveCfg = Debug|Any CPU
		{0FC4DFBD-C8F0-4F09-AF19-4A5CCE61B6DF}.Debug|Any CPU.Build.0 = Debug|Any CPU
		{0FC4DFBD-C8F0-4F09-AF19-4A5CCE61B6DF}.Release|Any CPU.ActiveCfg = Release|Any CPU
		{0FC4DFBD-C8F0-4F09-AF19-4A5CCE61B6DF}.Release|Any CPU.Build.0 = Release|Any CPU
		{1B365205-D7EE-4DE7-AE8B-B67D1D5369BA}.Debug|Any CPU.ActiveCfg = Debug|Any CPU
		{1B365205-D7EE-4DE7-AE8B-B67D1D5369BA}.Debug|Any CPU.Build.0 = Debug|Any CPU
		{1B365205-D7EE-4DE7-AE8B-B67D1D5369BA}.Release|Any CPU.ActiveCfg = Release|Any CPU
		{1B365205-D7EE-4DE7-AE8B-B67D1D5369BA}.Release|Any CPU.Build.0 = Release|Any CPU
		{B413FC30-BC74-4F22-B046-B7B3897CBE1E}.Debug|Any CPU.ActiveCfg = Debug|Any CPU
		{B413FC30-BC74-4F22-B046-B7B3897CBE1E}.Debug|Any CPU.Build.0 = Debug|Any CPU
		{B413FC30-BC74-4F22-B046-B7B3897CBE1E}.Release|Any CPU.ActiveCfg = Release|Any CPU
		{B413FC30-BC74-4F22-B046-B7B3897CBE1E}.Release|Any CPU.Build.0 = Release|Any CPU
	EndGlobalSection
	GlobalSection(SolutionProperties) = preSolution
		HideSolutionNode = FALSE
	EndGlobalSection
	GlobalSection(NestedProjects) = preSolution
		{0D2A9C70-CFEB-4486-A7A8-118B0092E798} = {AD1E7A2F-40C0-4A5D-B3D5-E436B227DCF9}
		{764F8035-F51F-41C6-A75B-8E646694F3C9} = {0D2A9C70-CFEB-4486-A7A8-118B0092E798}
		{248E9761-B756-4FB3-AED3-4497CF4BE58F} = {0D2A9C70-CFEB-4486-A7A8-118B0092E798}
		{EC2D8288-169C-46B8-B13F-AF021C907182} = {0D2A9C70-CFEB-4486-A7A8-118B0092E798}
		{24961207-4368-4A02-89B2-EDFC87779900} = {0D2A9C70-CFEB-4486-A7A8-118B0092E798}
		{AFC1DA67-155C-454A-A701-BA9B2B71F53B} = {AD1E7A2F-40C0-4A5D-B3D5-E436B227DCF9}
		{553D3A04-7E8B-451F-BBF8-4D3514FEE61B} = {AFC1DA67-155C-454A-A701-BA9B2B71F53B}
		{A2199CE0-114A-49E4-9AB3-B38BEBDDC1ED} = {AD1E7A2F-40C0-4A5D-B3D5-E436B227DCF9}
		{4CB86802-4CAB-4CB8-9D8E-8E9EA90BD96F} = {A2199CE0-114A-49E4-9AB3-B38BEBDDC1ED}
		{426FE9AC-500C-4D2C-A241-07F46C7CC001} = {91A1CAF1-50E8-4101-BD20-F08ADF3E5969}
		{2E50E42A-C340-44C8-974D-DC27F5F573EE} = {426FE9AC-500C-4D2C-A241-07F46C7CC001}
		{0FC4DFBD-C8F0-4F09-AF19-4A5CCE61B6DF} = {91A1CAF1-50E8-4101-BD20-F08ADF3E5969}
		{1B365205-D7EE-4DE7-AE8B-B67D1D5369BA} = {91A1CAF1-50E8-4101-BD20-F08ADF3E5969}
		{B413FC30-BC74-4F22-B046-B7B3897CBE1E} = {91A1CAF1-50E8-4101-BD20-F08ADF3E5969}
	EndGlobalSection
	GlobalSection(ExtensibilityGlobals) = postSolution
		SolutionGuid = {22702A10-22E1-4670-8FCA-9581202E6CAB}
	EndGlobalSection
EndGlobal
